
Microsoft Visual Studio Solution File, Format Version 12.00
# Visual Studio Version 16
VisualStudioVersion = 16.0.30907.101
MinimumVisualStudioVersion = 10.0.40219.1
Project("{A07B5EB6-E848-4116-A8D0-A826331D98C6}") = "ECommerce", "ECommerceServiceFabric\ECommerce.sfproj", "{9F250FD5-888D-43BD-BE60-9DF1699A50DB}"
EndProject
Project("{9A19103F-16F7-4668-BE54-9A1E7A4F7556}") = "ECommerce.ProductCatalog.Models", "ECommerce.ProductCatalog.Models\ECommerce.ProductCatalog.Models.csproj", "{40EC2595-29AE-4AD7-ACF8-A1E9CECA7354}"
EndProject
Project("{9A19103F-16F7-4668-BE54-9A1E7A4F7556}") = "ECommerce.API", "ECommerce.API\ECommerce.API.csproj", "{074FB6C1-A441-4A9D-9968-5D7A6C798676}"
EndProject
Project("{9A19103F-16F7-4668-BE54-9A1E7A4F7556}") = "ECommerce.ProductCatalog", "ECommerce.ProductCatalog\ECommerce.ProductCatalog.csproj", "{5641D415-5355-4E4C-B629-8707134C01EF}"
EndProject
Project("{FAE04EC0-301F-11D3-BF4B-00C04F79EFBC}") = "UserActor", "UserActor\UserActor.csproj", "{911BC4C3-FFB1-4FB1-A31B-DDBD68E6FF2F}"
EndProject
Project("{FAE04EC0-301F-11D3-BF4B-00C04F79EFBC}") = "UserActor.Interfaces", "UserActor.Interfaces\UserActor.Interfaces.csproj", "{C78DE7F2-7EC1-4275-B4A1-D730865D5442}"
EndProject
Project("{FAE04EC0-301F-11D3-BF4B-00C04F79EFBC}") = "ECommerce.CheckoutService", "ECommerce.CheckoutService\ECommerce.CheckoutService.csproj", "{AD26F1C4-9CB2-4A68-8965-3B69C1605251}"
EndProject
Project("{FAE04EC0-301F-11D3-BF4B-00C04F79EFBC}") = "ECommerce.CheckoutService.Model", "ECommerce.CheckoutService.Model\ECommerce.CheckoutService.Model.csproj", "{65FB6AD2-3625-4CEF-833E-545579B3B175}"
EndProject
Global
	GlobalSection(SolutionConfigurationPlatforms) = preSolution
		Debug|Any CPU = Debug|Any CPU
		Debug|x64 = Debug|x64
		Release|Any CPU = Release|Any CPU
		Release|x64 = Release|x64
	EndGlobalSection
	GlobalSection(ProjectConfigurationPlatforms) = postSolution
		{9F250FD5-888D-43BD-BE60-9DF1699A50DB}.Debug|Any CPU.ActiveCfg = Debug|x64
		{9F250FD5-888D-43BD-BE60-9DF1699A50DB}.Debug|x64.ActiveCfg = Debug|x64
		{9F250FD5-888D-43BD-BE60-9DF1699A50DB}.Debug|x64.Build.0 = Debug|x64
		{9F250FD5-888D-43BD-BE60-9DF1699A50DB}.Debug|x64.Deploy.0 = Debug|x64
		{9F250FD5-888D-43BD-BE60-9DF1699A50DB}.Release|Any CPU.ActiveCfg = Release|x64
		{9F250FD5-888D-43BD-BE60-9DF1699A50DB}.Release|x64.ActiveCfg = Release|x64
		{9F250FD5-888D-43BD-BE60-9DF1699A50DB}.Release|x64.Build.0 = Release|x64
		{9F250FD5-888D-43BD-BE60-9DF1699A50DB}.Release|x64.Deploy.0 = Release|x64
		{40EC2595-29AE-4AD7-ACF8-A1E9CECA7354}.Debug|Any CPU.ActiveCfg = Debug|Any CPU
		{40EC2595-29AE-4AD7-ACF8-A1E9CECA7354}.Debug|Any CPU.Build.0 = Debug|Any CPU
		{40EC2595-29AE-4AD7-ACF8-A1E9CECA7354}.Debug|x64.ActiveCfg = Debug|Any CPU
		{40EC2595-29AE-4AD7-ACF8-A1E9CECA7354}.Debug|x64.Build.0 = Debug|Any CPU
		{40EC2595-29AE-4AD7-ACF8-A1E9CECA7354}.Release|Any CPU.ActiveCfg = Release|Any CPU
		{40EC2595-29AE-4AD7-ACF8-A1E9CECA7354}.Release|Any CPU.Build.0 = Release|Any CPU
		{40EC2595-29AE-4AD7-ACF8-A1E9CECA7354}.Release|x64.ActiveCfg = Release|Any CPU
		{40EC2595-29AE-4AD7-ACF8-A1E9CECA7354}.Release|x64.Build.0 = Release|Any CPU
		{074FB6C1-A441-4A9D-9968-5D7A6C798676}.Debug|Any CPU.ActiveCfg = Debug|Any CPU
		{074FB6C1-A441-4A9D-9968-5D7A6C798676}.Debug|Any CPU.Build.0 = Debug|Any CPU
		{074FB6C1-A441-4A9D-9968-5D7A6C798676}.Debug|x64.ActiveCfg = Debug|Any CPU
		{074FB6C1-A441-4A9D-9968-5D7A6C798676}.Debug|x64.Build.0 = Debug|Any CPU
		{074FB6C1-A441-4A9D-9968-5D7A6C798676}.Release|Any CPU.ActiveCfg = Release|Any CPU
		{074FB6C1-A441-4A9D-9968-5D7A6C798676}.Release|Any CPU.Build.0 = Release|Any CPU
		{074FB6C1-A441-4A9D-9968-5D7A6C798676}.Release|x64.ActiveCfg = Release|Any CPU
		{074FB6C1-A441-4A9D-9968-5D7A6C798676}.Release|x64.Build.0 = Release|Any CPU
		{5641D415-5355-4E4C-B629-8707134C01EF}.Debug|Any CPU.ActiveCfg = Debug|Any CPU
		{5641D415-5355-4E4C-B629-8707134C01EF}.Debug|Any CPU.Build.0 = Debug|Any CPU
		{5641D415-5355-4E4C-B629-8707134C01EF}.Debug|x64.ActiveCfg = Debug|Any CPU
		{5641D415-5355-4E4C-B629-8707134C01EF}.Debug|x64.Build.0 = Debug|Any CPU
		{5641D415-5355-4E4C-B629-8707134C01EF}.Release|Any CPU.ActiveCfg = Release|Any CPU
		{5641D415-5355-4E4C-B629-8707134C01EF}.Release|Any CPU.Build.0 = Release|Any CPU
		{5641D415-5355-4E4C-B629-8707134C01EF}.Release|x64.ActiveCfg = Release|Any CPU
		{5641D415-5355-4E4C-B629-8707134C01EF}.Release|x64.Build.0 = Release|Any CPU
		{911BC4C3-FFB1-4FB1-A31B-DDBD68E6FF2F}.Debug|Any CPU.ActiveCfg = Debug|Any CPU
		{911BC4C3-FFB1-4FB1-A31B-DDBD68E6FF2F}.Debug|Any CPU.Build.0 = Debug|Any CPU
		{911BC4C3-FFB1-4FB1-A31B-DDBD68E6FF2F}.Debug|x64.ActiveCfg = Debug|Any CPU
		{911BC4C3-FFB1-4FB1-A31B-DDBD68E6FF2F}.Debug|x64.Build.0 = Debug|Any CPU
		{911BC4C3-FFB1-4FB1-A31B-DDBD68E6FF2F}.Release|Any CPU.ActiveCfg = Release|Any CPU
		{911BC4C3-FFB1-4FB1-A31B-DDBD68E6FF2F}.Release|Any CPU.Build.0 = Release|Any CPU
		{911BC4C3-FFB1-4FB1-A31B-DDBD68E6FF2F}.Release|x64.ActiveCfg = Release|Any CPU
		{911BC4C3-FFB1-4FB1-A31B-DDBD68E6FF2F}.Release|x64.Build.0 = Release|Any CPU
		{C78DE7F2-7EC1-4275-B4A1-D730865D5442}.Debug|Any CPU.ActiveCfg = Debug|Any CPU
		{C78DE7F2-7EC1-4275-B4A1-D730865D5442}.Debug|Any CPU.Build.0 = Debug|Any CPU
		{C78DE7F2-7EC1-4275-B4A1-D730865D5442}.Debug|x64.ActiveCfg = Debug|Any CPU
		{C78DE7F2-7EC1-4275-B4A1-D730865D5442}.Debug|x64.Build.0 = Debug|Any CPU
		{C78DE7F2-7EC1-4275-B4A1-D730865D5442}.Release|Any CPU.ActiveCfg = Release|Any CPU
		{C78DE7F2-7EC1-4275-B4A1-D730865D5442}.Release|Any CPU.Build.0 = Release|Any CPU
		{C78DE7F2-7EC1-4275-B4A1-D730865D5442}.Release|x64.ActiveCfg = Release|Any CPU
		{C78DE7F2-7EC1-4275-B4A1-D730865D5442}.Release|x64.Build.0 = Release|Any CPU
		{AD26F1C4-9CB2-4A68-8965-3B69C1605251}.Debug|Any CPU.ActiveCfg = Debug|Any CPU
		{AD26F1C4-9CB2-4A68-8965-3B69C1605251}.Debug|Any CPU.Build.0 = Debug|Any CPU
		{AD26F1C4-9CB2-4A68-8965-3B69C1605251}.Debug|x64.ActiveCfg = Debug|Any CPU
		{AD26F1C4-9CB2-4A68-8965-3B69C1605251}.Debug|x64.Build.0 = Debug|Any CPU
		{AD26F1C4-9CB2-4A68-8965-3B69C1605251}.Release|Any CPU.ActiveCfg = Release|Any CPU
		{AD26F1C4-9CB2-4A68-8965-3B69C1605251}.Release|Any CPU.Build.0 = Release|Any CPU
		{AD26F1C4-9CB2-4A68-8965-3B69C1605251}.Release|x64.ActiveCfg = Release|Any CPU
		{AD26F1C4-9CB2-4A68-8965-3B69C1605251}.Release|x64.Build.0 = Release|Any CPU
		{65FB6AD2-3625-4CEF-833E-545579B3B175}.Debug|Any CPU.ActiveCfg = Debug|Any CPU
		{65FB6AD2-3625-4CEF-833E-545579B3B175}.Debug|Any CPU.Build.0 = Debug|Any CPU
		{65FB6AD2-3625-4CEF-833E-545579B3B175}.Debug|x64.ActiveCfg = Debug|Any CPU
		{65FB6AD2-3625-4CEF-833E-545579B3B175}.Debug|x64.Build.0 = Debug|Any CPU
		{65FB6AD2-3625-4CEF-833E-545579B3B175}.Release|Any CPU.ActiveCfg = Release|Any CPU
		{65FB6AD2-3625-4CEF-833E-545579B3B175}.Release|Any CPU.Build.0 = Release|Any CPU
		{65FB6AD2-3625-4CEF-833E-545579B3B175}.Release|x64.ActiveCfg = Release|Any CPU
		{65FB6AD2-3625-4CEF-833E-545579B3B175}.Release|x64.Build.0 = Release|Any CPU
	EndGlobalSection
	GlobalSection(SolutionProperties) = preSolution
		HideSolutionNode = FALSE
	EndGlobalSection
	GlobalSection(ExtensibilityGlobals) = postSolution
		SolutionGuid = {679E12F6-31B3-43A1-A8AF-DC0B08C7F6F9}
	EndGlobalSection
EndGlobal
